// !$*UTF8*$!
{
	archiveVersion = 1;
	classes = {
	};
	objectVersion = 46;
	objects = {

/* Begin PBXBuildFile section */
		B05EBC311A0C63F1003B0F82 /* main.m in Sources */ = {isa = PBXBuildFile; fileRef = B05EBC301A0C63F1003B0F82 /* main.m */; };
		B05EBC341A0C63F1003B0F82 /* AppDelegate.m in Sources */ = {isa = PBXBuildFile; fileRef = B05EBC331A0C63F1003B0F82 /* AppDelegate.m */; };
		B05EBC371A0C63F1003B0F82 /* ViewController.m in Sources */ = {isa = PBXBuildFile; fileRef = B05EBC361A0C63F1003B0F82 /* ViewController.m */; };
		B05EBC3A1A0C63F1003B0F82 /* Main.storyboard in Resources */ = {isa = PBXBuildFile; fileRef = B05EBC381A0C63F1003B0F82 /* Main.storyboard */; };
		B05EBC3C1A0C63F1003B0F82 /* Images.xcassets in Resources */ = {isa = PBXBuildFile; fileRef = B05EBC3B1A0C63F1003B0F82 /* Images.xcassets */; };
		B05EBC3F1A0C63F1003B0F82 /* LaunchScreen.xib in Resources */ = {isa = PBXBuildFile; fileRef = B05EBC3D1A0C63F1003B0F82 /* LaunchScreen.xib */; };
		B05EBC4B1A0C63F1003B0F82 /* MyTestTests.m in Sources */ = {isa = PBXBuildFile; fileRef = B05EBC4A1A0C63F1003B0F82 /* MyTestTests.m */; };
/* End PBXBuildFile section */

/* Begin PBXContainerItemProxy section */
		B05EBC451A0C63F1003B0F82 /* PBXContainerItemProxy */ = {
			isa = PBXContainerItemProxy;
			containerPortal = B05EBC231A0C63F1003B0F82 /* Project object */;
			proxyType = 1;
			remoteGlobalIDString = B05EBC2A1A0C63F1003B0F82;
			remoteInfo = MyTest;
		};
/* End PBXContainerItemProxy section */

/* Begin PBXFileReference section */
		B05EBC2B1A0C63F1003B0F82 /* MyTest.app */ = {isa = PBXFileReference; explicitFileType = wrapper.application; includeInIndex = 0; path = MyTest.app; sourceTree = BUILT_PRODUCTS_DIR; };
		B05EBC2F1A0C63F1003B0F82 /* Info.plist */ = {isa = PBXFileReference; lastKnownFileType = text.plist.xml; path = Info.plist; sourceTree = "<group>"; };
		B05EBC301A0C63F1003B0F82 /* main.m */ = {isa = PBXFileReference; lastKnownFileType = sourcecode.c.objc; path = main.m; sourceTree = "<group>"; };
		B05EBC321A0C63F1003B0F82 /* AppDelegate.h */ = {isa = PBXFileReference; lastKnownFileType = sourcecode.c.h; path = AppDelegate.h; sourceTree = "<group>"; };
		B05EBC331A0C63F1003B0F82 /* AppDelegate.m */ = {isa = PBXFileReference; lastKnownFileType = sourcecode.c.objc; path = AppDelegate.m; sourceTree = "<group>"; };
		B05EBC351A0C63F1003B0F82 /* ViewController.h */ = {isa = PBXFileReference; lastKnownFileType = sourcecode.c.h; path = ViewController.h; sourceTree = "<group>"; };
		B05EBC361A0C63F1003B0F82 /* ViewController.m */ = {isa = PBXFileReference; lastKnownFileType = sourcecode.c.objc; path = ViewController.m; sourceTree = "<group>"; };
		B05EBC391A0C63F1003B0F82 /* Base */ = {isa = PBXFileReference; lastKnownFileType = file.storyboard; name = Base; path = Base.lproj/Main.storyboard; sourceTree = "<group>"; };
		B05EBC3B1A0C63F1003B0F82 /* Images.xcassets */ = {isa = PBXFileReference; lastKnownFileType = folder.assetcatalog; path = Images.xcassets; sourceTree = "<group>"; };
		B05EBC3E1A0C63F1003B0F82 /* Base */ = {isa = PBXFileReference; lastKnownFileType = file.xib; name = Base; path = Base.lproj/LaunchScreen.xib; sourceTree = "<group>"; };
		B05EBC441A0C63F1003B0F82 /* MyTestTests.xctest */ = {isa = PBXFileReference; explicitFileType = wrapper.cfbundle; includeInIndex = 0; path = MyTestTests.xctest; sourceTree = BUILT_PRODUCTS_DIR; };
		B05EBC491A0C63F1003B0F82 /* Info.plist */ = {isa = PBXFileReference; lastKnownFileType = text.plist.xml; path = Info.plist; sourceTree = "<group>"; };
		B05EBC4A1A0C63F1003B0F82 /* MyTestTests.m */ = {isa = PBXFileReference; lastKnownFileType = sourcecode.c.objc; path = MyTestTests.m; sourceTree = "<group>"; };
/* End PBXFileReference section */

/* Begin PBXFrameworksBuildPhase section */
		B05EBC281A0C63F1003B0F82 /* Frameworks */ = {
			isa = PBXFrameworksBuildPhase;
			buildActionMask = 2147483647;
			files = (
			);
			runOnlyForDeploymentPostprocessing = 0;
		};
		B05EBC411A0C63F1003B0F82 /* Frameworks */ = {
			isa = PBXFrameworksBuildPhase;
			buildActionMask = 2147483647;
			files = (
			);
			runOnlyForDeploymentPostprocessing = 0;
		};
/* End PBXFrameworksBuildPhase section */

/* Begin PBXGroup section */
		B05EBC221A0C63F1003B0F82 = {
			isa = PBXGroup;
			children = (
				B05EBC2D1A0C63F1003B0F82 /* MyTest */,
				B05EBC471A0C63F1003B0F82 /* MyTestTests */,
				B05EBC2C1A0C63F1003B0F82 /* Products */,
			);
			sourceTree = "<group>";
		};
		B05EBC2C1A0C63F1003B0F82 /* Products */ = {
			isa = PBXGroup;
			children = (
				B05EBC2B1A0C63F1003B0F82 /* MyTest.app */,
				B05EBC441A0C63F1003B0F82 /* MyTestTests.xctest */,
			);
			name = Products;
			sourceTree = "<group>";
		};
		B05EBC2D1A0C63F1003B0F82 /* MyTest */ = {
			isa = PBXGroup;
			children = (
				B05EBC321A0C63F1003B0F82 /* AppDelegate.h */,
				B05EBC331A0C63F1003B0F82 /* AppDelegate.m */,
				B05EBC351A0C63F1003B0F82 /* ViewController.h */,
				B05EBC361A0C63F1003B0F82 /* ViewController.m */,
				B05EBC381A0C63F1003B0F82 /* Main.storyboard */,
				B05EBC3B1A0C63F1003B0F82 /* Images.xcassets */,
				B05EBC3D1A0C63F1003B0F82 /* LaunchScreen.xib */,
				B05EBC2E1A0C63F1003B0F82 /* Supporting Files */,
			);
			path = MyTest;
			sourceTree = "<group>";
		};
		B05EBC2E1A0C63F1003B0F82 /* Supporting Files */ = {
			isa = PBXGroup;
			children = (
				B05EBC2F1A0C63F1003B0F82 /* Info.plist */,
				B05EBC301A0C63F1003B0F82 /* main.m */,
			);
			name = "Supporting Files";
			sourceTree = "<group>";
		};
		B05EBC471A0C63F1003B0F82 /* MyTestTests */ = {
			isa = PBXGroup;
			children = (
				B05EBC4A1A0C63F1003B0F82 /* MyTestTests.m */,
				B05EBC481A0C63F1003B0F82 /* Supporting Files */,
			);
			path = MyTestTests;
			sourceTree = "<group>";
		};
		B05EBC481A0C63F1003B0F82 /* Supporting Files */ = {
			isa = PBXGroup;
			children = (
				B05EBC491A0C63F1003B0F82 /* Info.plist */,
			);
			name = "Supporting Files";
			sourceTree = "<group>";
		};
/* End PBXGroup section */

/* Begin PBXNativeTarget section */
		B05EBC2A1A0C63F1003B0F82 /* MyTest */ = {
			isa = PBXNativeTarget;
			buildConfigurationList = B05EBC4E1A0C63F1003B0F82 /* Build configuration list for PBXNativeTarget "MyTest" */;
			buildPhases = (
				B05EBC271A0C63F1003B0F82 /* Sources */,
				B05EBC281A0C63F1003B0F82 /* Frameworks */,
				B05EBC291A0C63F1003B0F82 /* Resources */,
			);
			buildRules = (
			);
			dependencies = (
			);
			name = MyTest;
			productName = MyTest;
			productReference = B05EBC2B1A0C63F1003B0F82 /* MyTest.app */;
			productType = "com.apple.product-type.application";
		};
		B05EBC431A0C63F1003B0F82 /* MyTestTests */ = {
			isa = PBXNativeTarget;
			buildConfigurationList = B05EBC511A0C63F1003B0F82 /* Build configuration list for PBXNativeTarget "MyTestTests" */;
			buildPhases = (
				B05EBC401A0C63F1003B0F82 /* Sources */,
				B05EBC411A0C63F1003B0F82 /* Frameworks */,
				B05EBC421A0C63F1003B0F82 /* Resources */,
			);
			buildRules = (
			);
			dependencies = (
				B05EBC461A0C63F1003B0F82 /* PBXTargetDependency */,
			);
			name = MyTestTests;
			productName = MyTestTests;
			productReference = B05EBC441A0C63F1003B0F82 /* MyTestTests.xctest */;
			productType = "com.apple.product-type.bundle.unit-test";
		};
/* End PBXNativeTarget section */

/* Begin PBXProject section */
		B05EBC231A0C63F1003B0F82 /* Project object */ = {
			isa = PBXProject;
			attributes = {
				LastUpgradeCheck = 0610;
				ORGANIZATIONNAME = wayne;
				TargetAttributes = {
					B05EBC2A1A0C63F1003B0F82 = {
						CreatedOnToolsVersion = 6.1;
					};
					B05EBC431A0C63F1003B0F82 = {
						CreatedOnToolsVersion = 6.1;
						TestTargetID = B05EBC2A1A0C63F1003B0F82;
					};
				};
			};
			buildConfigurationList = B05EBC261A0C63F1003B0F82 /* Build configuration list for PBXProject "MyTest" */;
			compatibilityVersion = "Xcode 3.2";
			developmentRegion = English;
			hasScannedForEncodings = 0;
			knownRegions = (
				en,
				Base,
			);
			mainGroup = B05EBC221A0C63F1003B0F82;
			productRefGroup = B05EBC2C1A0C63F1003B0F82 /* Products */;
			projectDirPath = "";
			projectRoot = "";
			targets = (
				B05EBC2A1A0C63F1003B0F82 /* MyTest */,
				B05EBC431A0C63F1003B0F82 /* MyTestTests */,
			);
		};
/* End PBXProject section */

/* Begin PBXResourcesBuildPhase section */
		B05EBC291A0C63F1003B0F82 /* Resources */ = {
			isa = PBXResourcesBuildPhase;
			buildActionMask = 2147483647;
			files = (
				B05EBC3A1A0C63F1003B0F82 /* Main.storyboard in Resources */,
				B05EBC3F1A0C63F1003B0F82 /* LaunchScreen.xib in Resources */,
				B05EBC3C1A0C63F1003B0F82 /* Images.xcassets in Resources */,
			);
			runOnlyForDeploymentPostprocessing = 0;
		};
		B05EBC421A0C63F1003B0F82 /* Resources */ = {
			isa = PBXResourcesBuildPhase;
			buildActionMask = 2147483647;
			files = (
			);
			runOnlyForDeploymentPostprocessing = 0;
		};
/* End PBXResourcesBuildPhase section */

/* Begin PBXSourcesBuildPhase section */
		B05EBC271A0C63F1003B0F82 /* Sources */ = {
			isa = PBXSourcesBuildPhase;
			buildActionMask = 2147483647;
			files = (
				B05EBC371A0C63F1003B0F82 /* ViewController.m in Sources */,
				B05EBC341A0C63F1003B0F82 /* AppDelegate.m in Sources */,
				B05EBC311A0C63F1003B0F82 /* main.m in Sources */,
			);
			runOnlyForDeploymentPostprocessing = 0;
		};
		B05EBC401A0C63F1003B0F82 /* Sources */ = {
			isa = PBXSourcesBuildPhase;
			buildActionMask = 2147483647;
			files = (
				B05EBC4B1A0C63F1003B0F82 /* MyTestTests.m in Sources */,
			);
			runOnlyForDeploymentPostprocessing = 0;
		};
/* End PBXSourcesBuildPhase section */

/* Begin PBXTargetDependency section */
		B05EBC461A0C63F1003B0F82 /* PBXTargetDependency */ = {
			isa = PBXTargetDependency;
			target = B05EBC2A1A0C63F1003B0F82 /* MyTest */;
			targetProxy = B05EBC451A0C63F1003B0F82 /* PBXContainerItemProxy */;
		};
/* End PBXTargetDependency section */

/* Begin PBXVariantGroup section */
		B05EBC381A0C63F1003B0F82 /* Main.storyboard */ = {
			isa = PBXVariantGroup;
			children = (
				B05EBC391A0C63F1003B0F82 /* Base */,
			);
			name = Main.storyboard;
			sourceTree = "<group>";
		};
		B05EBC3D1A0C63F1003B0F82 /* LaunchScreen.xib */ = {
			isa = PBXVariantGroup;
			children = (
				B05EBC3E1A0C63F1003B0F82 /* Base */,
			);
			name = LaunchScreen.xib;
			sourceTree = "<group>";
		};
/* End PBXVariantGroup section */

/* Begin XCBuildConfiguration section */
		B05EBC4C1A0C63F1003B0F82 /* Debug */ = {
			isa = XCBuildConfiguration;
			buildSettings = {
				ALWAYS_SEARCH_USER_PATHS = NO;
				CLANG_CXX_LANGUAGE_STANDARD = "gnu++0x";
				CLANG_CXX_LIBRARY = "libc++";
				CLANG_ENABLE_MODULES = YES;
				CLANG_ENABLE_OBJC_ARC = YES;
				CLANG_WARN_BOOL_CONVERSION = YES;
				CLANG_WARN_CONSTANT_CONVERSION = YES;
				CLANG_WARN_DIRECT_OBJC_ISA_USAGE = YES_ERROR;
				CLANG_WARN_EMPTY_BODY = YES;
				CLANG_WARN_ENUM_CONVERSION = YES;
				CLANG_WARN_INT_CONVERSION = YES;
				CLANG_WARN_OBJC_ROOT_CLASS = YES_ERROR;
				CLANG_WARN_UNREACHABLE_CODE = YES;
				CLANG_WARN__DUPLICATE_METHOD_MATCH = YES;
				"CODE_SIGN_IDENTITY[sdk=iphoneos*]" = "iPhone Developer";
				COPY_PHASE_STRIP = NO;
				ENABLE_STRICT_OBJC_MSGSEND = YES;
				GCC_C_LANGUAGE_STANDARD = gnu99;
				GCC_DYNAMIC_NO_PIC = NO;
				GCC_OPTIMIZATION_LEVEL = 0;
				GCC_PREPROCESSOR_DEFINITIONS = (
					"DEBUG=1",
					"$(inherited)",
				);
				GCC_SYMBOLS_PRIVATE_EXTERN = NO;
				GCC_WARN_64_TO_32_BIT_CONVERSION = YES;
				GCC_WARN_ABOUT_RETURN_TYPE = YES_ERROR;
				GCC_WARN_UNDECLARED_SELECTOR = YES;
				GCC_WARN_UNINITIALIZED_AUTOS = YES_AGGRESSIVE;
				GCC_WARN_UNUSED_FUNCTION = YES;
				GCC_WARN_UNUSED_VARIABLE = YES;
				IPHONEOS_DEPLOYMENT_TARGET = 8.1;
				MTL_ENABLE_DEBUG_INFO = YES;
				ONLY_ACTIVE_ARCH = YES;
				SDKROOT = iphoneos;
			};
			name = Debug;
		};
		B05EBC4D1A0C63F1003B0F82 /* Release */ = {
			isa = XCBuildConfiguration;
			buildSettings = {
				ALWAYS_SEARCH_USER_PATHS = NO;
				CLANG_CXX_LANGUAGE_STANDARD = "gnu++0x";
				CLANG_CXX_LIBRARY = "libc++";
				CLANG_ENABLE_MODULES = YES;
				CLANG_ENABLE_OBJC_ARC = YES;
				CLANG_WARN_BOOL_CONVERSION = YES;
				CLANG_WARN_CONSTANT_CONVERSION = YES;
				CLANG_WARN_DIRECT_OBJC_ISA_USAGE = YES_ERROR;
				CLANG_WARN_EMPTY_BODY = YES;
				CLANG_WARN_ENUM_CONVERSION = YES;
				CLANG_WARN_INT_CONVERSION = YES;
				CLANG_WARN_OBJC_ROOT_CLASS = YES_ERROR;
				CLANG_WARN_UNREACHABLE_CODE = YES;
				CLANG_WARN__DUPLICATE_METHOD_MATCH = YES;
				"CODE_SIGN_IDENTITY[sdk=iphoneos*]" = "iPhone Developer";
				COPY_PHASE_STRIP = YES;
				ENABLE_NS_ASSERTIONS = NO;
				ENABLE_STRICT_OBJC_MSGSEND = YES;
				GCC_C_LANGUAGE_STANDARD = gnu99;
				GCC_WARN_64_TO_32_BIT_CONVERSION = YES;
				GCC_WARN_ABOUT_RETURN_TYPE = YES_ERROR;
				GCC_WARN_UNDECLARED_SELECTOR = YES;
				GCC_WARN_UNINITIALIZED_AUTOS = YES_AGGRESSIVE;
				GCC_WARN_UNUSED_FUNCTION = YES;
				GCC_WARN_UNUSED_VARIABLE = YES;
				IPHONEOS_DEPLOYMENT_TARGET = 8.1;
				MTL_ENABLE_DEBUG_INFO = NO;
				SDKROOT = iphoneos;
				VALIDATE_PRODUCT = YES;
			};
			name = Release;
		};
		B05EBC4F1A0C63F1003B0F82 /* Debug */ = {
			isa = XCBuildConfiguration;
			buildSettings = {
				ASSETCATALOG_COMPILER_APPICON_NAME = AppIcon;
				INFOPLIST_FILE = MyTest/Info.plist;
				LD_RUNPATH_SEARCH_PATHS = "$(inherited) @executable_path/Frameworks";
				PRODUCT_NAME = "$(TARGET_NAME)";
			};
			name = Debug;
		};
		B05EBC501A0C63F1003B0F82 /* Release */ = {
			isa = XCBuildConfiguration;
			buildSettings = {
				ASSETCATALOG_COMPILER_APPICON_NAME = AppIcon;
				INFOPLIST_FILE = MyTest/Info.plist;
				LD_RUNPATH_SEARCH_PATHS = "$(inherited) @executable_path/Frameworks";
				PRODUCT_NAME = "$(TARGET_NAME)";
			};
			name = Release;
		};
		B05EBC521A0C63F1003B0F82 /* Debug */ = {
			isa = XCBuildConfiguration;
			buildSettings = {
				BUNDLE_LOADER = "$(TEST_HOST)";
				FRAMEWORK_SEARCH_PATHS = (
					"$(SDKROOT)/Developer/Library/Frameworks",
					"$(inherited)",
				);
				GCC_PREPROCESSOR_DEFINITIONS = (
					"DEBUG=1",
					"$(inherited)",
				);
				INFOPLIST_FILE = MyTestTests/Info.plist;
				LD_RUNPATH_SEARCH_PATHS = "$(inherited) @executable_path/Frameworks @loader_path/Frameworks";
				PRODUCT_NAME = "$(TARGET_NAME)";
				TEST_HOST = "$(BUILT_PRODUCTS_DIR)/MyTest.app/MyTest";
			};
			name = Debug;
		};
		B05EBC531A0C63F1003B0F82 /* Release */ = {
			isa = XCBuildConfiguration;
			buildSettings = {
				BUNDLE_LOADER = "$(TEST_HOST)";
				FRAMEWORK_SEARCH_PATHS = (
					"$(SDKROOT)/Developer/Library/Frameworks",
					"$(inherited)",
				);
				INFOPLIST_FILE = MyTestTests/Info.plist;
				LD_RUNPATH_SEARCH_PATHS = "$(inherited) @executable_path/Frameworks @loader_path/Frameworks";
				PRODUCT_NAME = "$(TARGET_NAME)";
				TEST_HOST = "$(BUILT_PRODUCTS_DIR)/MyTest.app/MyTest";
			};
			name = Release;
		};
/* End XCBuildConfiguration section */

/* Begin XCConfigurationList section */
		B05EBC261A0C63F1003B0F82 /* Build configuration list for PBXProject "MyTest" */ = {
			isa = XCConfigurationList;
			buildConfigurations = (
				B05EBC4C1A0C63F1003B0F82 /* Debug */,
				B05EBC4D1A0C63F1003B0F82 /* Release */,
			);
			defaultConfigurationIsVisible = 0;
			defaultConfigurationName = Release;
		};
		B05EBC4E1A0C63F1003B0F82 /* Build configuration list for PBXNativeTarget "MyTest" */ = {
			isa = XCConfigurationList;
			buildConfigurations = (
				B05EBC4F1A0C63F1003B0F82 /* Debug */,
				B05EBC501A0C63F1003B0F82 /* Release */,
			);
			defaultConfigurationIsVisible = 0;
		};
		B05EBC511A0C63F1003B0F82 /* Build configuration list for PBXNativeTarget "MyTestTests" */ = {
			isa = XCConfigurationList;
			buildConfigurations = (
				B05EBC521A0C63F1003B0F82 /* Debug */,
				B05EBC531A0C63F1003B0F82 /* Release */,
			);
			defaultConfigurationIsVisible = 0;
		};
/* End XCConfigurationList section */
	};
	rootObject = B05EBC231A0C63F1003B0F82 /* Project object */;
}
